// !$*UTF8*$!
{
	archiveVersion = 1;
	classes = {
	};
	objectVersion = 48;
	objects = {

/* Begin PBXBuildFile section */
		441C1925D86184AC5B13305B /* Pods_testing_arkit_physics.framework in Frameworks */ = {isa = PBXBuildFile; fileRef = E971B06682C98F0DA16D5DBE /* Pods_testing_arkit_physics.framework */; };
		DE71EDF21F9D013C0065761B /* AppDelegate.swift in Sources */ = {isa = PBXBuildFile; fileRef = DE71EDF11F9D013C0065761B /* AppDelegate.swift */; };
		DE71EDF41F9D013C0065761B /* art.scnassets in Resources */ = {isa = PBXBuildFile; fileRef = DE71EDF31F9D013C0065761B /* art.scnassets */; };
		DE71EDF61F9D013C0065761B /* ViewController.swift in Sources */ = {isa = PBXBuildFile; fileRef = DE71EDF51F9D013C0065761B /* ViewController.swift */; };
		DE71EDF91F9D013C0065761B /* Main.storyboard in Resources */ = {isa = PBXBuildFile; fileRef = DE71EDF71F9D013C0065761B /* Main.storyboard */; };
		DE71EDFB1F9D013C0065761B /* Assets.xcassets in Resources */ = {isa = PBXBuildFile; fileRef = DE71EDFA1F9D013C0065761B /* Assets.xcassets */; };
		DE71EDFE1F9D013C0065761B /* LaunchScreen.storyboard in Resources */ = {isa = PBXBuildFile; fileRef = DE71EDFC1F9D013C0065761B /* LaunchScreen.storyboard */; };
/* End PBXBuildFile section */

/* Begin PBXFileReference section */
		8C19D13460C0DBBAE397BF74 /* Pods-testing-arkit-physics.debug.xcconfig */ = {isa = PBXFileReference; includeInIndex = 1; lastKnownFileType = text.xcconfig; name = "Pods-testing-arkit-physics.debug.xcconfig"; path = "Pods/Target Support Files/Pods-testing-arkit-physics/Pods-testing-arkit-physics.debug.xcconfig"; sourceTree = "<group>"; };
		C8EC3FEE8147BF07C95AB1DA /* Pods-testing-arkit-physics.release.xcconfig */ = {isa = PBXFileReference; includeInIndex = 1; lastKnownFileType = text.xcconfig; name = "Pods-testing-arkit-physics.release.xcconfig"; path = "Pods/Target Support Files/Pods-testing-arkit-physics/Pods-testing-arkit-physics.release.xcconfig"; sourceTree = "<group>"; };
		DE71EDEE1F9D013C0065761B /* testing-arkit-physics.app */ = {isa = PBXFileReference; explicitFileType = wrapper.application; includeInIndex = 0; path = "testing-arkit-physics.app"; sourceTree = BUILT_PRODUCTS_DIR; };
		DE71EDF11F9D013C0065761B /* AppDelegate.swift */ = {isa = PBXFileReference; lastKnownFileType = sourcecode.swift; path = AppDelegate.swift; sourceTree = "<group>"; };
		DE71EDF31F9D013C0065761B /* art.scnassets */ = {isa = PBXFileReference; lastKnownFileType = wrapper.scnassets; path = art.scnassets; sourceTree = "<group>"; };
		DE71EDF51F9D013C0065761B /* ViewController.swift */ = {isa = PBXFileReference; lastKnownFileType = sourcecode.swift; path = ViewController.swift; sourceTree = "<group>"; };
		DE71EDF81F9D013C0065761B /* Base */ = {isa = PBXFileReference; lastKnownFileType = file.storyboard; name = Base; path = Base.lproj/Main.storyboard; sourceTree = "<group>"; };
		DE71EDFA1F9D013C0065761B /* Assets.xcassets */ = {isa = PBXFileReference; lastKnownFileType = folder.assetcatalog; path = Assets.xcassets; sourceTree = "<group>"; };
		DE71EDFD1F9D013C0065761B /* Base */ = {isa = PBXFileReference; lastKnownFileType = file.storyboard; name = Base; path = Base.lproj/LaunchScreen.storyboard; sourceTree = "<group>"; };
		DE71EDFF1F9D013C0065761B /* Info.plist */ = {isa = PBXFileReference; lastKnownFileType = text.plist.xml; path = Info.plist; sourceTree = "<group>"; };
		E971B06682C98F0DA16D5DBE /* Pods_testing_arkit_physics.framework */ = {isa = PBXFileReference; explicitFileType = wrapper.framework; includeInIndex = 0; path = Pods_testing_arkit_physics.framework; sourceTree = BUILT_PRODUCTS_DIR; };
/* End PBXFileReference section */

/* Begin PBXFrameworksBuildPhase section */
		DE71EDEB1F9D013C0065761B /* Frameworks */ = {
			isa = PBXFrameworksBuildPhase;
			buildActionMask = 2147483647;
			files = (
				441C1925D86184AC5B13305B /* Pods_testing_arkit_physics.framework in Frameworks */,
			);
			runOnlyForDeploymentPostprocessing = 0;
		};
/* End PBXFrameworksBuildPhase section */

/* Begin PBXGroup section */
		2DB8FF54286F5B189F5FDFF7 /* Pods */ = {
			isa = PBXGroup;
			children = (
				8C19D13460C0DBBAE397BF74 /* Pods-testing-arkit-physics.debug.xcconfig */,
				C8EC3FEE8147BF07C95AB1DA /* Pods-testing-arkit-physics.release.xcconfig */,
			);
			name = Pods;
			sourceTree = "<group>";
		};
		DE71EDE51F9D013C0065761B = {
			isa = PBXGroup;
			children = (
				DE71EDF01F9D013C0065761B /* testing-arkit-physics */,
				DE71EDEF1F9D013C0065761B /* Products */,
				2DB8FF54286F5B189F5FDFF7 /* Pods */,
				F857A7068EBEDA3CC117E331 /* Frameworks */,
			);
			sourceTree = "<group>";
		};
		DE71EDEF1F9D013C0065761B /* Products */ = {
			isa = PBXGroup;
			children = (
				DE71EDEE1F9D013C0065761B /* testing-arkit-physics.app */,
			);
			name = Products;
			sourceTree = "<group>";
		};
		DE71EDF01F9D013C0065761B /* testing-arkit-physics */ = {
			isa = PBXGroup;
			children = (
				DE71EDF11F9D013C0065761B /* AppDelegate.swift */,
				DE71EDF31F9D013C0065761B /* art.scnassets */,
				DE71EDF51F9D013C0065761B /* ViewController.swift */,
				DE71EDF71F9D013C0065761B /* Main.storyboard */,
				DE71EDFA1F9D013C0065761B /* Assets.xcassets */,
				DE71EDFC1F9D013C0065761B /* LaunchScreen.storyboard */,
				DE71EDFF1F9D013C0065761B /* Info.plist */,
			);
			path = "testing-arkit-physics";
			sourceTree = "<group>";
		};
		F857A7068EBEDA3CC117E331 /* Frameworks */ = {
			isa = PBXGroup;
			children = (
				E971B06682C98F0DA16D5DBE /* Pods_testing_arkit_physics.framework */,
			);
			name = Frameworks;
			sourceTree = "<group>";
		};
/* End PBXGroup section */

/* Begin PBXNativeTarget section */
		DE71EDED1F9D013C0065761B /* testing-arkit-physics */ = {
			isa = PBXNativeTarget;
			buildConfigurationList = DE71EE021F9D013C0065761B /* Build configuration list for PBXNativeTarget "testing-arkit-physics" */;
			buildPhases = (
				13E418DEF35C4ABE841CA9BF /* [CP] Check Pods Manifest.lock */,
				DE71EDEA1F9D013C0065761B /* Sources */,
				DE71EDEB1F9D013C0065761B /* Frameworks */,
				DE71EDEC1F9D013C0065761B /* Resources */,
				C85FC048B8DBB84DC7069E58 /* [CP] Embed Pods Frameworks */,
				4783A5C42A666E9637D6786F /* [CP] Copy Pods Resources */,
			);
			buildRules = (
			);
			dependencies = (
			);
			name = "testing-arkit-physics";
			productName = "testing-arkit-physics";
			productReference = DE71EDEE1F9D013C0065761B /* testing-arkit-physics.app */;
			productType = "com.apple.product-type.application";
		};
/* End PBXNativeTarget section */

/* Begin PBXProject section */
		DE71EDE61F9D013C0065761B /* Project object */ = {
			isa = PBXProject;
			attributes = {
				LastSwiftUpdateCheck = 0910;
				LastUpgradeCheck = 0910;
				ORGANIZATIONNAME = Sebastian;
				TargetAttributes = {
					DE71EDED1F9D013C0065761B = {
						CreatedOnToolsVersion = 9.1;
						ProvisioningStyle = Automatic;
					};
				};
			};
			buildConfigurationList = DE71EDE91F9D013C0065761B /* Build configuration list for PBXProject "testing-arkit-physics" */;
			compatibilityVersion = "Xcode 8.0";
			developmentRegion = en;
			hasScannedForEncodings = 0;
			knownRegions = (
				en,
				Base,
			);
			mainGroup = DE71EDE51F9D013C0065761B;
			productRefGroup = DE71EDEF1F9D013C0065761B /* Products */;
			projectDirPath = "";
			projectRoot = "";
			targets = (
				DE71EDED1F9D013C0065761B /* testing-arkit-physics */,
			);
		};
/* End PBXProject section */

/* Begin PBXResourcesBuildPhase section */
		DE71EDEC1F9D013C0065761B /* Resources */ = {
			isa = PBXResourcesBuildPhase;
			buildActionMask = 2147483647;
			files = (
				DE71EDF41F9D013C0065761B /* art.scnassets in Resources */,
				DE71EDFE1F9D013C0065761B /* LaunchScreen.storyboard in Resources */,
				DE71EDFB1F9D013C0065761B /* Assets.xcassets in Resources */,
				DE71EDF91F9D013C0065761B /* Main.storyboard in Resources */,
			);
			runOnlyForDeploymentPostprocessing = 0;
		};
/* End PBXResourcesBuildPhase section */

/* Begin PBXShellScriptBuildPhase section */
		13E418DEF35C4ABE841CA9BF /* [CP] Check Pods Manifest.lock */ = {
			isa = PBXShellScriptBuildPhase;
			buildActionMask = 2147483647;
			files = (
			);
			inputPaths = (
				"${PODS_PODFILE_DIR_PATH}/Podfile.lock",
				"${PODS_ROOT}/Manifest.lock",
			);
			name = "[CP] Check Pods Manifest.lock";
			outputPaths = (
				"$(DERIVED_FILE_DIR)/Pods-testing-arkit-physics-checkManifestLockResult.txt",
			);
			runOnlyForDeploymentPostprocessing = 0;
			shellPath = /bin/sh;
			shellScript = "diff \"${PODS_PODFILE_DIR_PATH}/Podfile.lock\" \"${PODS_ROOT}/Manifest.lock\" > /dev/null\nif [ $? != 0 ] ; then\n    # print error to STDERR\n    echo \"error: The sandbox is not in sync with the Podfile.lock. Run 'pod install' or update your CocoaPods installation.\" >&2\n    exit 1\nfi\n# This output is used by Xcode 'outputs' to avoid re-running this script phase.\necho \"SUCCESS\" > \"${SCRIPT_OUTPUT_FILE_0}\"\n";
			showEnvVarsInLog = 0;
		};
		4783A5C42A666E9637D6786F /* [CP] Copy Pods Resources */ = {
			isa = PBXShellScriptBuildPhase;
			buildActionMask = 2147483647;
			files = (
			);
			inputPaths = (
			);
			name = "[CP] Copy Pods Resources";
			outputPaths = (
			);
			runOnlyForDeploymentPostprocessing = 0;
			shellPath = /bin/sh;
			shellScript = "\"${SRCROOT}/Pods/Target Support Files/Pods-testing-arkit-physics/Pods-testing-arkit-physics-resources.sh\"\n";
			showEnvVarsInLog = 0;
		};
		C85FC048B8DBB84DC7069E58 /* [CP] Embed Pods Frameworks */ = {
			isa = PBXShellScriptBuildPhase;
			buildActionMask = 2147483647;
			files = (
			);
			inputPaths = (
				"${SRCROOT}/Pods/Target Support Files/Pods-testing-arkit-physics/Pods-testing-arkit-physics-frameworks.sh",
				"${BUILT_PRODUCTS_DIR}/Socket.IO-Client-Swift/SocketIO.framework",
				"${BUILT_PRODUCTS_DIR}/Starscream/Starscream.framework",
				"${BUILT_PRODUCTS_DIR}/SwiftyJSON/SwiftyJSON.framework",
			);
			name = "[CP] Embed Pods Frameworks";
			outputPaths = (
				"${TARGET_BUILD_DIR}/${FRAMEWORKS_FOLDER_PATH}/SocketIO.framework",
				"${TARGET_BUILD_DIR}/${FRAMEWORKS_FOLDER_PATH}/Starscream.framework",
				"${TARGET_BUILD_DIR}/${FRAMEWORKS_FOLDER_PATH}/SwiftyJSON.framework",
			);
			runOnlyForDeploymentPostprocessing = 0;
			shellPath = /bin/sh;
			shellScript = "\"${SRCROOT}/Pods/Target Support Files/Pods-testing-arkit-physics/Pods-testing-arkit-physics-frameworks.sh\"\n";
			showEnvVarsInLog = 0;
		};
/* End PBXShellScriptBuildPhase section */

/* Begin PBXSourcesBuildPhase section */
		DE71EDEA1F9D013C0065761B /* Sources */ = {
			isa = PBXSourcesBuildPhase;
			buildActionMask = 2147483647;
			files = (
				DE71EDF61F9D013C0065761B /* ViewController.swift in Sources */,
				DE71EDF21F9D013C0065761B /* AppDelegate.swift in Sources */,
			);
			runOnlyForDeploymentPostprocessing = 0;
		};
/* End PBXSourcesBuildPhase section */

/* Begin PBXVariantGroup section */
		DE71EDF71F9D013C0065761B /* Main.storyboard */ = {
			isa = PBXVariantGroup;
			children = (
				DE71EDF81F9D013C0065761B /* Base */,
			);
			name = Main.storyboard;
			sourceTree = "<group>";
		};
		DE71EDFC1F9D013C0065761B /* LaunchScreen.storyboard */ = {
			isa = PBXVariantGroup;
			children = (
				DE71EDFD1F9D013C0065761B /* Base */,
			);
			name = LaunchScreen.storyboard;
			sourceTree = "<group>";
		};
/* End PBXVariantGroup section */

/* Begin XCBuildConfiguration section */
		DE71EE001F9D013C0065761B /* Debug */ = {
			isa = XCBuildConfiguration;
			buildSettings = {
				ALWAYS_SEARCH_USER_PATHS = NO;
				CLANG_ANALYZER_NONNULL = YES;
				CLANG_ANALYZER_NUMBER_OBJECT_CONVERSION = YES_AGGRESSIVE;
				CLANG_CXX_LANGUAGE_STANDARD = "gnu++14";
				CLANG_CXX_LIBRARY = "libc++";
				CLANG_ENABLE_MODULES = YES;
				CLANG_ENABLE_OBJC_ARC = YES;
				CLANG_WARN_BLOCK_CAPTURE_AUTORELEASING = YES;
				CLANG_WARN_BOOL_CONVERSION = YES;
				CLANG_WARN_COMMA = YES;
				CLANG_WARN_CONSTANT_CONVERSION = YES;
				CLANG_WARN_DIRECT_OBJC_ISA_USAGE = YES_ERROR;
				CLANG_WARN_DOCUMENTATION_COMMENTS = YES;
				CLANG_WARN_EMPTY_BODY = YES;
				CLANG_WARN_ENUM_CONVERSION = YES;
				CLANG_WARN_INFINITE_RECURSION = YES;
				CLANG_WARN_INT_CONVERSION = YES;
				CLANG_WARN_NON_LITERAL_NULL_CONVERSION = YES;
				CLANG_WARN_OBJC_LITERAL_CONVERSION = YES;
				CLANG_WARN_OBJC_ROOT_CLASS = YES_ERROR;
				CLANG_WARN_RANGE_LOOP_ANALYSIS = YES;
				CLANG_WARN_STRICT_PROTOTYPES = YES;
				CLANG_WARN_SUSPICIOUS_MOVE = YES;
				CLANG_WARN_UNGUARDED_AVAILABILITY = YES_AGGRESSIVE;
				CLANG_WARN_UNREACHABLE_CODE = YES;
				CLANG_WARN__DUPLICATE_METHOD_MATCH = YES;
				CODE_SIGN_IDENTITY = "iPhone Developer";
				COPY_PHASE_STRIP = NO;
				DEBUG_INFORMATION_FORMAT = dwarf;
				ENABLE_STRICT_OBJC_MSGSEND = YES;
				ENABLE_TESTABILITY = YES;
				GCC_C_LANGUAGE_STANDARD = gnu11;
				GCC_DYNAMIC_NO_PIC = NO;
				GCC_NO_COMMON_BLOCKS = YES;
				GCC_OPTIMIZATION_LEVEL = 0;
				GCC_PREPROCESSOR_DEFINITIONS = (
					"DEBUG=1",
					"$(inherited)",
				);
				GCC_WARN_64_TO_32_BIT_CONVERSION = YES;
				GCC_WARN_ABOUT_RETURN_TYPE = YES_ERROR;
				GCC_WARN_UNDECLARED_SELECTOR = YES;
				GCC_WARN_UNINITIALIZED_AUTOS = YES_AGGRESSIVE;
				GCC_WARN_UNUSED_FUNCTION = YES;
				GCC_WARN_UNUSED_VARIABLE = YES;
				IPHONEOS_DEPLOYMENT_TARGET = 11.1;
				MTL_ENABLE_DEBUG_INFO = YES;
				ONLY_ACTIVE_ARCH = YES;
				SDKROOT = iphoneos;
				SWIFT_ACTIVE_COMPILATION_CONDITIONS = DEBUG;
				SWIFT_OPTIMIZATION_LEVEL = "-Onone";
			};
			name = Debug;
		};
		DE71EE011F9D013C0065761B /* Release */ = {
			isa = XCBuildConfiguration;
			buildSettings = {
				ALWAYS_SEARCH_USER_PATHS = NO;
				CLANG_ANALYZER_NONNULL = YES;
				CLANG_ANALYZER_NUMBER_OBJECT_CONVERSION = YES_AGGRESSIVE;
				CLANG_CXX_LANGUAGE_STANDARD = "gnu++14";
				CLANG_CXX_LIBRARY = "libc++";
				CLANG_ENABLE_MODULES = YES;
				CLANG_ENABLE_OBJC_ARC = YES;
				CLANG_WARN_BLOCK_CAPTURE_AUTORELEASING = YES;
				CLANG_WARN_BOOL_CONVERSION = YES;
				CLANG_WARN_COMMA = YES;
				CLANG_WARN_CONSTANT_CONVERSION = YES;
				CLANG_WARN_DIRECT_OBJC_ISA_USAGE = YES_ERROR;
				CLANG_WARN_DOCUMENTATION_COMMENTS = YES;
				CLANG_WARN_EMPTY_BODY = YES;
				CLANG_WARN_ENUM_CONVERSION = YES;
				CLANG_WARN_INFINITE_RECURSION = YES;
				CLANG_WARN_INT_CONVERSION = YES;
				CLANG_WARN_NON_LITERAL_NULL_CONVERSION = YES;
				CLANG_WARN_OBJC_LITERAL_CONVERSION = YES;
				CLANG_WARN_OBJC_ROOT_CLASS = YES_ERROR;
				CLANG_WARN_RANGE_LOOP_ANALYSIS = YES;
				CLANG_WARN_STRICT_PROTOTYPES = YES;
				CLANG_WARN_SUSPICIOUS_MOVE = YES;
				CLANG_WARN_UNGUARDED_AVAILABILITY = YES_AGGRESSIVE;
				CLANG_WARN_UNREACHABLE_CODE = YES;
				CLANG_WARN__DUPLICATE_METHOD_MATCH = YES;
				CODE_SIGN_IDENTITY = "iPhone Developer";
				COPY_PHASE_STRIP = NO;
				DEBUG_INFORMATION_FORMAT = "dwarf-with-dsym";
				ENABLE_NS_ASSERTIONS = NO;
				ENABLE_STRICT_OBJC_MSGSEND = YES;
				GCC_C_LANGUAGE_STANDARD = gnu11;
				GCC_NO_COMMON_BLOCKS = YES;
				GCC_WARN_64_TO_32_BIT_CONVERSION = YES;
				GCC_WARN_ABOUT_RETURN_TYPE = YES_ERROR;
				GCC_WARN_UNDECLARED_SELECTOR = YES;
				GCC_WARN_UNINITIALIZED_AUTOS = YES_AGGRESSIVE;
				GCC_WARN_UNUSED_FUNCTION = YES;
				GCC_WARN_UNUSED_VARIABLE = YES;
				IPHONEOS_DEPLOYMENT_TARGET = 11.1;
				MTL_ENABLE_DEBUG_INFO = NO;
				SDKROOT = iphoneos;
				SWIFT_OPTIMIZATION_LEVEL = "-Owholemodule";
				VALIDATE_PRODUCT = YES;
			};
			name = Release;
		};
		DE71EE031F9D013C0065761B /* Debug */ = {
			isa = XCBuildConfiguration;
			baseConfigurationReference = 8C19D13460C0DBBAE397BF74 /* Pods-testing-arkit-physics.debug.xcconfig */;
			buildSettings = {
				ASSETCATALOG_COMPILER_APPICON_NAME = AppIcon;
				CODE_SIGN_STYLE = Automatic;
				DEVELOPMENT_TEAM = 79QH87EDZX;
				INFOPLIST_FILE = "testing-arkit-physics/Info.plist";
				LD_RUNPATH_SEARCH_PATHS = "$(inherited) @executable_path/Frameworks";
				PRODUCT_BUNDLE_IDENTIFIER = "testingSebastian.testing-arkit-physics";
				PRODUCT_NAME = "$(TARGET_NAME)";
				SWIFT_VERSION = 4.0;
				TARGETED_DEVICE_FAMILY = "1,2";
			};
			name = Debug;
		};
		DE71EE041F9D013C0065761B /* Release */ = {
			isa = XCBuildConfiguration;
			baseConfigurationReference = C8EC3FEE8147BF07C95AB1DA /* Pods-testing-arkit-physics.release.xcconfig */;
			buildSettings = {
				ASSETCATALOG_COMPILER_APPICON_NAME = AppIcon;
				CODE_SIGN_STYLE = Automatic;
				DEVELOPMENT_TEAM = 79QH87EDZX;
				INFOPLIST_FILE = "testing-arkit-physics/Info.plist";
				LD_RUNPATH_SEARCH_PATHS = "$(inherited) @executable_path/Frameworks";
				PRODUCT_BUNDLE_IDENTIFIER = "testingSebastian.testing-arkit-physics";
				PRODUCT_NAME = "$(TARGET_NAME)";
				SWIFT_VERSION = 4.0;
				TARGETED_DEVICE_FAMILY = "1,2";
			};
			name = Release;
		};
/* End XCBuildConfiguration section */

/* Begin XCConfigurationList section */
		DE71EDE91F9D013C0065761B /* Build configuration list for PBXProject "testing-arkit-physics" */ = {
			isa = XCConfigurationList;
			buildConfigurations = (
				DE71EE001F9D013C0065761B /* Debug */,
				DE71EE011F9D013C0065761B /* Release */,
			);
			defaultConfigurationIsVisible = 0;
			defaultConfigurationName = Release;
		};
		DE71EE021F9D013C0065761B /* Build configuration list for PBXNativeTarget "testing-arkit-physics" */ = {
			isa = XCConfigurationList;
			buildConfigurations = (
				DE71EE031F9D013C0065761B /* Debug */,
				DE71EE041F9D013C0065761B /* Release */,
			);
			defaultConfigurationIsVisible = 0;
			defaultConfigurationName = Release;
		};
/* End XCConfigurationList section */
	};
	rootObject = DE71EDE61F9D013C0065761B /* Project object */;
}
